
Microsoft Visual Studio Solution File, Format Version 12.00
# Visual Studio Version 16
VisualStudioVersion = 16.0.32901.82
MinimumVisualStudioVersion = 10.0.40219.1
Project("{FAE04EC0-301F-11D3-BF4B-00C04F79EFBC}") = "Tema3-Estaciones", "Tema3-Estaciones.csproj", "{89C33D96-241D-4C6B-9C9F-EBFCA66346C9}"
EndProject
Global
	GlobalSection(SolutionConfigurationPlatforms) = preSolution
		Debug|Any CPU = Debug|Any CPU
		Release|Any CPU = Release|Any CPU
	EndGlobalSection
	GlobalSection(ProjectConfigurationPlatforms) = postSolution
		{89C33D96-241D-4C6B-9C9F-EBFCA66346C9}.Debug|Any CPU.ActiveCfg = Debug|Any CPU
		{89C33D96-241D-4C6B-9C9F-EBFCA66346C9}.Debug|Any CPU.Build.0 = Debug|Any CPU
		{89C33D96-241D-4C6B-9C9F-EBFCA66346C9}.Release|Any CPU.ActiveCfg = Release|Any CPU
		{89C33D96-241D-4C6B-9C9F-EBFCA66346C9}.Release|Any CPU.Build.0 = Release|Any CPU
	EndGlobalSection
	GlobalSection(SolutionProperties) = preSolution
		HideSolutionNode = FALSE
	EndGlobalSection
	GlobalSection(ExtensibilityGlobals) = postSolution
		SolutionGuid = {1E6579B8-94FF-4C06-9B7B-4402560F0087}
	EndGlobalSection
EndGlobal
